
Microsoft Visual Studio Solution File, Format Version 12.00
# Visual Studio Version 17
VisualStudioVersion = 17.11.35327.3
MinimumVisualStudioVersion = 10.0.40219.1
Project("{FAE04EC0-301F-11D3-BF4B-00C04F79EFBC}") = "capaPresentacion", "Practica1\capaPresentacion.csproj", "{5AC20771-05F6-46E3-92B5-8DEDAB8DBC10}"
EndProject
Project("{FAE04EC0-301F-11D3-BF4B-00C04F79EFBC}") = "capaDatos", "capaDatos\capaDatos.csproj", "{1A86054E-DC85-48E0-99BD-FE382CB46850}"
EndProject
Project("{FAE04EC0-301F-11D3-BF4B-00C04F79EFBC}") = "capaNegocio", "capaNegocio\capaNegocio.csproj", "{5F009BE5-D7C4-4447-8BB0-C219B681CB3F}"
EndProject
Global
	GlobalSection(SolutionConfigurationPlatforms) = preSolution
		Debug|Any CPU = Debug|Any CPU
		Release|Any CPU = Release|Any CPU
	EndGlobalSection
	GlobalSection(ProjectConfigurationPlatforms) = postSolution
		{5AC20771-05F6-46E3-92B5-8DEDAB8DBC10}.Debug|Any CPU.ActiveCfg = Debug|Any CPU
		{5AC20771-05F6-46E3-92B5-8DEDAB8DBC10}.Debug|Any CPU.Build.0 = Debug|Any CPU
		{5AC20771-05F6-46E3-92B5-8DEDAB8DBC10}.Release|Any CPU.ActiveCfg = Release|Any CPU
		{5AC20771-05F6-46E3-92B5-8DEDAB8DBC10}.Release|Any CPU.Build.0 = Release|Any CPU
		{1A86054E-DC85-48E0-99BD-FE382CB46850}.Debug|Any CPU.ActiveCfg = Debug|Any CPU
		{1A86054E-DC85-48E0-99BD-FE382CB46850}.Debug|Any CPU.Build.0 = Debug|Any CPU
		{1A86054E-DC85-48E0-99BD-FE382CB46850}.Release|Any CPU.ActiveCfg = Release|Any CPU
		{1A86054E-DC85-48E0-99BD-FE382CB46850}.Release|Any CPU.Build.0 = Release|Any CPU
		{5F009BE5-D7C4-4447-8BB0-C219B681CB3F}.Debug|Any CPU.ActiveCfg = Debug|Any CPU
		{5F009BE5-D7C4-4447-8BB0-C219B681CB3F}.Debug|Any CPU.Build.0 = Debug|Any CPU
		{5F009BE5-D7C4-4447-8BB0-C219B681CB3F}.Release|Any CPU.ActiveCfg = Release|Any CPU
		{5F009BE5-D7C4-4447-8BB0-C219B681CB3F}.Release|Any CPU.Build.0 = Release|Any CPU
	EndGlobalSection
	GlobalSection(SolutionProperties) = preSolution
		HideSolutionNode = FALSE
	EndGlobalSection
	GlobalSection(ExtensibilityGlobals) = postSolution
		SolutionGuid = {3C96B7B9-397D-49CF-A6E1-B1283A182500}
	EndGlobalSection
EndGlobal
